
Microsoft Visual Studio Solution File, Format Version 12.00
# Visual Studio Version 17
VisualStudioVersion = 17.10.35027.167
MinimumVisualStudioVersion = 10.0.40219.1
Project("{FAE04EC0-301F-11D3-BF4B-00C04F79EFBC}") = "BookingApp.Data", "BookingApp.Data\BookingApp.Data.csproj", "{F34FAB32-F710-435F-B288-C4D61DD45E02}"
EndProject
Project("{FAE04EC0-301F-11D3-BF4B-00C04F79EFBC}") = "BookingApp.Business", "BookingApp.Business\BookingApp.Business.csproj", "{0CF52731-CE93-47D4-AE95-EFDE1F52767B}"
EndProject
Project("{FAE04EC0-301F-11D3-BF4B-00C04F79EFBC}") = "BookingApp.WebApi", "BookingApp.WebApi\BookingApp.WebApi.csproj", "{7E6603A6-D812-48B5-B012-3BD24D3235A3}"
EndProject
Global
	GlobalSection(SolutionConfigurationPlatforms) = preSolution
		Debug|Any CPU = Debug|Any CPU
		Release|Any CPU = Release|Any CPU
	EndGlobalSection
	GlobalSection(ProjectConfigurationPlatforms) = postSolution
		{F34FAB32-F710-435F-B288-C4D61DD45E02}.Debug|Any CPU.ActiveCfg = Debug|Any CPU
		{F34FAB32-F710-435F-B288-C4D61DD45E02}.Debug|Any CPU.Build.0 = Debug|Any CPU
		{F34FAB32-F710-435F-B288-C4D61DD45E02}.Release|Any CPU.ActiveCfg = Release|Any CPU
		{F34FAB32-F710-435F-B288-C4D61DD45E02}.Release|Any CPU.Build.0 = Release|Any CPU
		{0CF52731-CE93-47D4-AE95-EFDE1F52767B}.Debug|Any CPU.ActiveCfg = Debug|Any CPU
		{0CF52731-CE93-47D4-AE95-EFDE1F52767B}.Debug|Any CPU.Build.0 = Debug|Any CPU
		{0CF52731-CE93-47D4-AE95-EFDE1F52767B}.Release|Any CPU.ActiveCfg = Release|Any CPU
		{0CF52731-CE93-47D4-AE95-EFDE1F52767B}.Release|Any CPU.Build.0 = Release|Any CPU
		{7E6603A6-D812-48B5-B012-3BD24D3235A3}.Debug|Any CPU.ActiveCfg = Debug|Any CPU
		{7E6603A6-D812-48B5-B012-3BD24D3235A3}.Debug|Any CPU.Build.0 = Debug|Any CPU
		{7E6603A6-D812-48B5-B012-3BD24D3235A3}.Release|Any CPU.ActiveCfg = Release|Any CPU
		{7E6603A6-D812-48B5-B012-3BD24D3235A3}.Release|Any CPU.Build.0 = Release|Any CPU
	EndGlobalSection
	GlobalSection(SolutionProperties) = preSolution
		HideSolutionNode = FALSE
	EndGlobalSection
	GlobalSection(ExtensibilityGlobals) = postSolution
		SolutionGuid = {223E5578-6DE8-4D2E-8BD0-D258CC28A549}
	EndGlobalSection
EndGlobal
